
Microsoft Visual Studio Solution File, Format Version 12.00
# Visual Studio 15
VisualStudioVersion = 15.0.28307.329
MinimumVisualStudioVersion = 10.0.40219.1
Project("{FAE04EC0-301F-11D3-BF4B-00C04F79EFBC}") = "Icon Picker", "Icon Picker.csproj", "{AC7ACABA-DFC3-4152-A959-070A8F131EA4}"
EndProject
Global
	GlobalSection(SolutionConfigurationPlatforms) = preSolution
		Debug|Any CPU = Debug|Any CPU
		Release|Any CPU = Release|Any CPU
	EndGlobalSection
	GlobalSection(ProjectConfigurationPlatforms) = postSolution
		{AC7ACABA-DFC3-4152-A959-070A8F131EA4}.Debug|Any CPU.ActiveCfg = Debug|Any CPU
		{AC7ACABA-DFC3-4152-A959-070A8F131EA4}.Debug|Any CPU.Build.0 = Debug|Any CPU
		{AC7ACABA-DFC3-4152-A959-070A8F131EA4}.Release|Any CPU.ActiveCfg = Release|Any CPU
		{AC7ACABA-DFC3-4152-A959-070A8F131EA4}.Release|Any CPU.Build.0 = Release|Any CPU
	EndGlobalSection
	GlobalSection(SolutionProperties) = preSolution
		HideSolutionNode = FALSE
	EndGlobalSection
	GlobalSection(ExtensibilityGlobals) = postSolution
		SolutionGuid = {419EE7B2-E8AF-42CF-B766-07E6C110BEAA}
	EndGlobalSection
EndGlobal
